{
  "version": 4,
  "terraform_version": "1.14.4",
  "serial": 8,
  "lineage": "5ac8382a-c07c-6fba-d8d4-a4c6fd56a2ea",
  "outputs": {},
  "resources": [
    {
      "module": "module.secrets_manager",
      "mode": "managed",
      "type": "aws_secretsmanager_secret",
      "name": "this",
      "provider": "provider[\"registry.terraform.io/hashicorp/aws\"]",
      "instances": [
        {
          "index_key": "mango/dev/app-config",
          "schema_version": 0,
          "attributes": {
            "arn": "arn:aws:secretsmanager:us-east-1:647431120032:secret:mango/dev/app-config-nJcRpt",
            "description": "Secrets for mango - dev",
            "force_overwrite_replica_secret": false,
            "id": "arn:aws:secretsmanager:us-east-1:647431120032:secret:mango/dev/app-config-nJcRpt",
            "kms_key_id": "",
            "name": "mango/dev/app-config",
            "name_prefix": "",
            "policy": "",
            "recovery_window_in_days": 30,
            "replica": [],
            "tags": null,
            "tags_all": {}
          },
          "sensitive_attributes": [],
          "identity_schema_version": 0,
          "private": "bnVsbA=="
        },
        {
          "index_key": "mango/test/app-config",
          "schema_version": 0,
          "attributes": {
            "arn": "arn:aws:secretsmanager:us-east-1:647431120032:secret:mango/test/app-config-Musvjl",
            "description": "Secrets for mango - test",
            "force_overwrite_replica_secret": false,
            "id": "arn:aws:secretsmanager:us-east-1:647431120032:secret:mango/test/app-config-Musvjl",
            "kms_key_id": "",
            "name": "mango/test/app-config",
            "name_prefix": "",
            "policy": "",
            "recovery_window_in_days": 30,
            "replica": [],
            "tags": null,
            "tags_all": {}
          },
          "sensitive_attributes": [],
          "identity_schema_version": 0,
          "private": "bnVsbA=="
        },
        {
          "index_key": "mango/uat/app-config",
          "schema_version": 0,
          "attributes": {
            "arn": "arn:aws:secretsmanager:us-east-1:647431120032:secret:mango/uat/app-config-8RU5Px",
            "description": "Secrets for mango - uat",
            "force_overwrite_replica_secret": false,
            "id": "arn:aws:secretsmanager:us-east-1:647431120032:secret:mango/uat/app-config-8RU5Px",
            "kms_key_id": "",
            "name": "mango/uat/app-config",
            "name_prefix": "",
            "policy": "",
            "recovery_window_in_days": 30,
            "replica": [],
            "tags": null,
            "tags_all": {}
          },
          "sensitive_attributes": [],
          "identity_schema_version": 0,
          "private": "bnVsbA=="
        },
        {
          "index_key": "repo2/dev/app-config",
          "schema_version": 0,
          "attributes": {
            "arn": "arn:aws:secretsmanager:us-east-1:647431120032:secret:repo2/dev/app-config-4AAEa7",
            "description": "Secrets for repo2 - dev",
            "force_overwrite_replica_secret": null,
            "id": "repo2/dev/app-config",
            "kms_key_id": "",
            "name": "repo2/dev/app-config",
            "name_prefix": "",
            "policy": "",
            "recovery_window_in_days": null,
            "replica": [],
            "tags": {},
            "tags_all": {}
          },
          "sensitive_attributes": [],
          "identity_schema_version": 0,
          "private": "eyJzY2hlbWFfdmVyc2lvbiI6IjAifQ=="
        },
        {
          "index_key": "repo2/test/app-config",
          "schema_version": 0,
          "attributes": {
            "arn": "arn:aws:secretsmanager:us-east-1:647431120032:secret:repo2/test/app-config-vCMZw9",
            "description": "Secrets for repo2 - test",
            "force_overwrite_replica_secret": null,
            "id": "repo2/test/app-config",
            "kms_key_id": "",
            "name": "repo2/test/app-config",
            "name_prefix": "",
            "policy": "",
            "recovery_window_in_days": null,
            "replica": [],
            "tags": {},
            "tags_all": {}
          },
          "sensitive_attributes": [],
          "identity_schema_version": 0,
          "private": "eyJzY2hlbWFfdmVyc2lvbiI6IjAifQ=="
        },
        {
          "index_key": "repo2/uat/app-config",
          "schema_version": 0,
          "attributes": {
            "arn": "arn:aws:secretsmanager:us-east-1:647431120032:secret:repo2/uat/app-config-81sFSk",
            "description": "Secrets for repo2 - uat",
            "force_overwrite_replica_secret": null,
            "id": "repo2/uat/app-config",
            "kms_key_id": "",
            "name": "repo2/uat/app-config",
            "name_prefix": "",
            "policy": "",
            "recovery_window_in_days": null,
            "replica": [],
            "tags": {},
            "tags_all": {}
          },
          "sensitive_attributes": [],
          "identity_schema_version": 0,
          "private": "eyJzY2hlbWFfdmVyc2lvbiI6IjAifQ=="
        }
      ]
    }
  ],
  "check_results": null
}
