{
  "version": 4,
  "terraform_version": "1.14.4",
  "serial": 27,
  "lineage": "5ac8382a-c07c-6fba-d8d4-a4c6fd56a2ea",
  "outputs": {},
  "resources": [
    {
      "module": "module.secrets_manager",
      "mode": "managed",
      "type": "aws_secretsmanager_secret",
      "name": "this",
      "provider": "provider[\"registry.terraform.io/hashicorp/aws\"]",
      "instances": [
        {
          "index_key": "mango/dev/mangodevsecrets",
          "schema_version": 0,
          "attributes": {
            "arn": "arn:aws:secretsmanager:us-east-1:647431120032:secret:mango/dev/mangodevsecrets-mRvlLL",
            "description": "Secrets for mango - dev",
            "force_overwrite_replica_secret": false,
            "id": "arn:aws:secretsmanager:us-east-1:647431120032:secret:mango/dev/mangodevsecrets-mRvlLL",
            "kms_key_id": "",
            "name": "mango/dev/mangodevsecrets",
            "name_prefix": "",
            "policy": "",
            "recovery_window_in_days": 0,
            "replica": [],
            "tags": null,
            "tags_all": {}
          },
          "sensitive_attributes": [],
          "identity_schema_version": 0,
          "private": "bnVsbA=="
        },
        {
          "index_key": "mango/test/mangotestsecrets",
          "schema_version": 0,
          "attributes": {
            "arn": "arn:aws:secretsmanager:us-east-1:647431120032:secret:mango/test/mangotestsecrets-M2EEPn",
            "description": "Secrets for mango - test",
            "force_overwrite_replica_secret": false,
            "id": "arn:aws:secretsmanager:us-east-1:647431120032:secret:mango/test/mangotestsecrets-M2EEPn",
            "kms_key_id": "",
            "name": "mango/test/mangotestsecrets",
            "name_prefix": "",
            "policy": "",
            "recovery_window_in_days": 0,
            "replica": [],
            "tags": null,
            "tags_all": {}
          },
          "sensitive_attributes": [],
          "identity_schema_version": 0,
          "private": "bnVsbA=="
        },
        {
          "index_key": "mango/uat/mangouatsecrets",
          "schema_version": 0,
          "attributes": {
            "arn": "arn:aws:secretsmanager:us-east-1:647431120032:secret:mango/uat/mangouatsecrets-vRqeOi",
            "description": "Secrets for mango - uat",
            "force_overwrite_replica_secret": false,
            "id": "arn:aws:secretsmanager:us-east-1:647431120032:secret:mango/uat/mangouatsecrets-vRqeOi",
            "kms_key_id": "",
            "name": "mango/uat/mangouatsecrets",
            "name_prefix": "",
            "policy": "",
            "recovery_window_in_days": 0,
            "replica": [],
            "tags": null,
            "tags_all": {}
          },
          "sensitive_attributes": [],
          "identity_schema_version": 0,
          "private": "bnVsbA=="
        },
        {
          "index_key": "repo2/dev/repo2devsecrets",
          "schema_version": 0,
          "attributes": {
            "arn": "arn:aws:secretsmanager:us-east-1:647431120032:secret:repo2/dev/repo2devsecrets-p4LaJo",
            "description": "Secrets for repo2 - dev",
            "force_overwrite_replica_secret": false,
            "id": "arn:aws:secretsmanager:us-east-1:647431120032:secret:repo2/dev/repo2devsecrets-p4LaJo",
            "kms_key_id": "",
            "name": "repo2/dev/repo2devsecrets",
            "name_prefix": "",
            "policy": "",
            "recovery_window_in_days": 0,
            "replica": [],
            "tags": null,
            "tags_all": {}
          },
          "sensitive_attributes": [],
          "identity_schema_version": 0,
          "private": "bnVsbA=="
        },
        {
          "index_key": "repo2/test/repo2testsecrets",
          "schema_version": 0,
          "attributes": {
            "arn": "arn:aws:secretsmanager:us-east-1:647431120032:secret:repo2/test/repo2testsecrets-xRrykK",
            "description": "Secrets for repo2 - test",
            "force_overwrite_replica_secret": false,
            "id": "arn:aws:secretsmanager:us-east-1:647431120032:secret:repo2/test/repo2testsecrets-xRrykK",
            "kms_key_id": "",
            "name": "repo2/test/repo2testsecrets",
            "name_prefix": "",
            "policy": "",
            "recovery_window_in_days": 0,
            "replica": [],
            "tags": null,
            "tags_all": {}
          },
          "sensitive_attributes": [],
          "identity_schema_version": 0,
          "private": "bnVsbA=="
        },
        {
          "index_key": "repo2/uat/repo2uatsecrets",
          "schema_version": 0,
          "attributes": {
            "arn": "arn:aws:secretsmanager:us-east-1:647431120032:secret:repo2/uat/repo2uatsecrets-LTGjBh",
            "description": "Secrets for repo2 - uat",
            "force_overwrite_replica_secret": false,
            "id": "arn:aws:secretsmanager:us-east-1:647431120032:secret:repo2/uat/repo2uatsecrets-LTGjBh",
            "kms_key_id": "",
            "name": "repo2/uat/repo2uatsecrets",
            "name_prefix": "",
            "policy": "",
            "recovery_window_in_days": 0,
            "replica": [],
            "tags": null,
            "tags_all": {}
          },
          "sensitive_attributes": [],
          "identity_schema_version": 0,
          "private": "bnVsbA=="
        }
      ]
    },
    {
      "module": "module.secrets_manager",
      "mode": "managed",
      "type": "aws_secretsmanager_secret_version",
      "name": "this",
      "provider": "provider[\"registry.terraform.io/hashicorp/aws\"]",
      "instances": [
        {
          "index_key": "mango/dev/mangodevsecrets",
          "schema_version": 0,
          "attributes": {
            "arn": "arn:aws:secretsmanager:us-east-1:647431120032:secret:mango/dev/mangodevsecrets-mRvlLL",
            "has_secret_string_wo": null,
            "id": "arn:aws:secretsmanager:us-east-1:647431120032:secret:mango/dev/mangodevsecrets-mRvlLL|terraform-2026020509300911980000000c",
            "secret_binary": "",
            "secret_id": "arn:aws:secretsmanager:us-east-1:647431120032:secret:mango/dev/mangodevsecrets-mRvlLL",
            "secret_string": "{\"API_KEY\":\"api-dev\",\"DB_PASSWORD\":\"dev_pass\",\"DB_USERNAME\":\"dev_user\",\"JWT_SECRET\":\"jwt-dev\",\"LOG_LEVEL\":\"DEBUG\",\"REDIS_URL\":\"redis-dev\",\"S3_BUCKET\":\"repo1-dev-bucket\"}",
            "secret_string_wo": null,
            "secret_string_wo_version": null,
            "version_id": "terraform-2026020509300911980000000c",
            "version_stages": [
              "AWSCURRENT"
            ]
          },
          "sensitive_attributes": [
            [
              {
                "type": "get_attr",
                "value": "secret_binary"
              }
            ],
            [
              {
                "type": "get_attr",
                "value": "secret_string"
              }
            ],
            [
              {
                "type": "get_attr",
                "value": "secret_string_wo"
              }
            ]
          ],
          "identity_schema_version": 0,
          "private": "bnVsbA==",
          "dependencies": [
            "module.secrets_manager.aws_secretsmanager_secret.this"
          ]
        },
        {
          "index_key": "mango/test/mangotestsecrets",
          "schema_version": 0,
          "attributes": {
            "arn": "arn:aws:secretsmanager:us-east-1:647431120032:secret:mango/test/mangotestsecrets-M2EEPn",
            "has_secret_string_wo": null,
            "id": "arn:aws:secretsmanager:us-east-1:647431120032:secret:mango/test/mangotestsecrets-M2EEPn|terraform-20260205093009119100000008",
            "secret_binary": "",
            "secret_id": "arn:aws:secretsmanager:us-east-1:647431120032:secret:mango/test/mangotestsecrets-M2EEPn",
            "secret_string": "{\"API_KEY\":\"api-test\",\"DB_PASSWORD\":\"test_pass\",\"DB_USERNAME\":\"test_user\",\"JWT_SECRET\":\"jwt-test\",\"LOG_LEVEL\":\"INFO\",\"REDIS_URL\":\"redis-test\",\"S3_BUCKET\":\"repo1-test-bucket\"}",
            "secret_string_wo": null,
            "secret_string_wo_version": null,
            "version_id": "terraform-20260205093009119100000008",
            "version_stages": [
              "AWSCURRENT"
            ]
          },
          "sensitive_attributes": [
            [
              {
                "type": "get_attr",
                "value": "secret_binary"
              }
            ],
            [
              {
                "type": "get_attr",
                "value": "secret_string"
              }
            ],
            [
              {
                "type": "get_attr",
                "value": "secret_string_wo"
              }
            ]
          ],
          "identity_schema_version": 0,
          "private": "bnVsbA==",
          "dependencies": [
            "module.secrets_manager.aws_secretsmanager_secret.this"
          ]
        },
        {
          "index_key": "mango/uat/mangouatsecrets",
          "schema_version": 0,
          "attributes": {
            "arn": "arn:aws:secretsmanager:us-east-1:647431120032:secret:mango/uat/mangouatsecrets-vRqeOi",
            "has_secret_string_wo": null,
            "id": "arn:aws:secretsmanager:us-east-1:647431120032:secret:mango/uat/mangouatsecrets-vRqeOi|terraform-2026020509300911980000000b",
            "secret_binary": "",
            "secret_id": "arn:aws:secretsmanager:us-east-1:647431120032:secret:mango/uat/mangouatsecrets-vRqeOi",
            "secret_string": "{\"AwsSecreteConnection\":\"Server=VSP-8VPLD74;Database=secrete_manager_Db;User Id=sa;Password=Passw0rd;TrustServerCertificate=True\",\"DbPassword\":\"Password@123\",\"DbUser\":\"ace_user\",\"GC_OnBaseURL\":\"http://prod-gc\",\"LogDocumentsInDB\":\"true\",\"OnBaseURL\":\"http://prod-onbase\",\"ShowSimulator\":\"true\",\"ShowXMLs\":\"true\"}",
            "secret_string_wo": null,
            "secret_string_wo_version": null,
            "version_id": "terraform-2026020509300911980000000b",
            "version_stages": [
              "AWSCURRENT"
            ]
          },
          "sensitive_attributes": [
            [
              {
                "type": "get_attr",
                "value": "secret_binary"
              }
            ],
            [
              {
                "type": "get_attr",
                "value": "secret_string"
              }
            ],
            [
              {
                "type": "get_attr",
                "value": "secret_string_wo"
              }
            ]
          ],
          "identity_schema_version": 0,
          "private": "bnVsbA==",
          "dependencies": [
            "module.secrets_manager.aws_secretsmanager_secret.this"
          ]
        },
        {
          "index_key": "repo2/dev/repo2devsecrets",
          "schema_version": 0,
          "attributes": {
            "arn": "arn:aws:secretsmanager:us-east-1:647431120032:secret:repo2/dev/repo2devsecrets-p4LaJo",
            "has_secret_string_wo": null,
            "id": "arn:aws:secretsmanager:us-east-1:647431120032:secret:repo2/dev/repo2devsecrets-p4LaJo|terraform-20260205093009119800000009",
            "secret_binary": "",
            "secret_id": "arn:aws:secretsmanager:us-east-1:647431120032:secret:repo2/dev/repo2devsecrets-p4LaJo",
            "secret_string": "{\"API_KEY\":\"api-dev\",\"DB_PASSWORD\":\"dev_pass\",\"DB_USERNAME\":\"dev_user\",\"JWT_SECRET\":\"jwt-dev\",\"LOG_LEVEL\":\"DEBUG\",\"REDIS_URL\":\"redis-dev\",\"S3_BUCKET\":\"repo2-dev-bucket\"}",
            "secret_string_wo": null,
            "secret_string_wo_version": null,
            "version_id": "terraform-20260205093009119800000009",
            "version_stages": [
              "AWSCURRENT"
            ]
          },
          "sensitive_attributes": [
            [
              {
                "type": "get_attr",
                "value": "secret_binary"
              }
            ],
            [
              {
                "type": "get_attr",
                "value": "secret_string"
              }
            ],
            [
              {
                "type": "get_attr",
                "value": "secret_string_wo"
              }
            ]
          ],
          "identity_schema_version": 0,
          "private": "bnVsbA==",
          "dependencies": [
            "module.secrets_manager.aws_secretsmanager_secret.this"
          ]
        },
        {
          "index_key": "repo2/test/repo2testsecrets",
          "schema_version": 0,
          "attributes": {
            "arn": "arn:aws:secretsmanager:us-east-1:647431120032:secret:repo2/test/repo2testsecrets-xRrykK",
            "has_secret_string_wo": null,
            "id": "arn:aws:secretsmanager:us-east-1:647431120032:secret:repo2/test/repo2testsecrets-xRrykK|terraform-2026020509300911980000000a",
            "secret_binary": "",
            "secret_id": "arn:aws:secretsmanager:us-east-1:647431120032:secret:repo2/test/repo2testsecrets-xRrykK",
            "secret_string": "{\"API_KEY\":\"api-test\",\"DB_PASSWORD\":\"test_pass\",\"DB_USERNAME\":\"test_user\",\"JWT_SECRET\":\"jwt-test\",\"LOG_LEVEL\":\"INFO\",\"REDIS_URL\":\"redis-test\",\"S3_BUCKET\":\"repo2-test-bucket\"}",
            "secret_string_wo": null,
            "secret_string_wo_version": null,
            "version_id": "terraform-2026020509300911980000000a",
            "version_stages": [
              "AWSCURRENT"
            ]
          },
          "sensitive_attributes": [
            [
              {
                "type": "get_attr",
                "value": "secret_binary"
              }
            ],
            [
              {
                "type": "get_attr",
                "value": "secret_string"
              }
            ],
            [
              {
                "type": "get_attr",
                "value": "secret_string_wo"
              }
            ]
          ],
          "identity_schema_version": 0,
          "private": "bnVsbA==",
          "dependencies": [
            "module.secrets_manager.aws_secretsmanager_secret.this"
          ]
        },
        {
          "index_key": "repo2/uat/repo2uatsecrets",
          "schema_version": 0,
          "attributes": {
            "arn": "arn:aws:secretsmanager:us-east-1:647431120032:secret:repo2/uat/repo2uatsecrets-LTGjBh",
            "has_secret_string_wo": null,
            "id": "arn:aws:secretsmanager:us-east-1:647431120032:secret:repo2/uat/repo2uatsecrets-LTGjBh|terraform-20260205093009119100000007",
            "secret_binary": "",
            "secret_id": "arn:aws:secretsmanager:us-east-1:647431120032:secret:repo2/uat/repo2uatsecrets-LTGjBh",
            "secret_string": "{\"API_KEY\":\"api-uat\",\"DB_PASSWORD\":\"uat_pass\",\"DB_USERNAME\":\"uat_user\",\"JWT_SECRET\":\"jwt-uat\",\"LOG_LEVEL\":\"WARN\",\"REDIS_URL\":\"redis-uat\",\"S3_BUCKET\":\"repo2-uat-bucket\"}",
            "secret_string_wo": null,
            "secret_string_wo_version": null,
            "version_id": "terraform-20260205093009119100000007",
            "version_stages": [
              "AWSCURRENT"
            ]
          },
          "sensitive_attributes": [
            [
              {
                "type": "get_attr",
                "value": "secret_binary"
              }
            ],
            [
              {
                "type": "get_attr",
                "value": "secret_string"
              }
            ],
            [
              {
                "type": "get_attr",
                "value": "secret_string_wo"
              }
            ]
          ],
          "identity_schema_version": 0,
          "private": "bnVsbA==",
          "dependencies": [
            "module.secrets_manager.aws_secretsmanager_secret.this"
          ]
        }
      ]
    }
  ],
  "check_results": null
}
